// !$*UTF8*$!
{
	archiveVersion = 1;
	classes = {
	};
	objectVersion = 50;
	objects = {

/* Begin PBXBuildFile section */
		9405860E25C24A020033CEE7 /* AirFormulaRouterView.swift in Sources */ = {isa = PBXBuildFile; fileRef = 9405860D25C24A020033CEE7 /* AirFormulaRouterView.swift */; };
		9405861125C24ACB0033CEE7 /* SensibleHeat.swift in Sources */ = {isa = PBXBuildFile; fileRef = 9405861025C24ACB0033CEE7 /* SensibleHeat.swift */; };
		9405861425C24AEF0033CEE7 /* TotalHeat.swift in Sources */ = {isa = PBXBuildFile; fileRef = 9405861325C24AEF0033CEE7 /* TotalHeat.swift */; };
		9405861725C24B110033CEE7 /* LatentHeat.swift in Sources */ = {isa = PBXBuildFile; fileRef = 9405861625C24B110033CEE7 /* LatentHeat.swift */; };
		941476A025C0D894008502B0 /* MixedAirFormula.swift in Sources */ = {isa = PBXBuildFile; fileRef = 9414769F25C0D894008502B0 /* MixedAirFormula.swift */; };
		941476A325C0E289008502B0 /* MixedAirView.swift in Sources */ = {isa = PBXBuildFile; fileRef = 941476A225C0E289008502B0 /* MixedAirView.swift */; };
		94175E4125EC4232008723A1 /* SelectedVariableView.swift in Sources */ = {isa = PBXBuildFile; fileRef = 94175E4025EC4232008723A1 /* SelectedVariableView.swift */; };
		94254B9225C81241001E7C8F /* SensibleHeatFormula.swift in Sources */ = {isa = PBXBuildFile; fileRef = 94254B9125C81241001E7C8F /* SensibleHeatFormula.swift */; };
		94254B9525C81600001E7C8F /* LatentHeatFormula.swift in Sources */ = {isa = PBXBuildFile; fileRef = 94254B9425C81600001E7C8F /* LatentHeatFormula.swift */; };
		9446956625ED1498001EF725 /* VariableEntryRowView.swift in Sources */ = {isa = PBXBuildFile; fileRef = 9446956525ED1498001EF725 /* VariableEntryRowView.swift */; };
		944856D825C663A600B4CA93 /* FormulaHeaderView.swift in Sources */ = {isa = PBXBuildFile; fileRef = 944856D725C663A600B4CA93 /* FormulaHeaderView.swift */; };
		9452964F25C6E7DE00CD6CFD /* NumberEntryView.swift in Sources */ = {isa = PBXBuildFile; fileRef = 9452964E25C6E7DE00CD6CFD /* NumberEntryView.swift */; };
		946A851525C7A47600A67900 /* TotalHeatFormula.swift in Sources */ = {isa = PBXBuildFile; fileRef = 946A851425C7A47600A67900 /* TotalHeatFormula.swift */; };
		946A851825C7AAE200A67900 /* SimpleAnswerView.swift in Sources */ = {isa = PBXBuildFile; fileRef = 946A851725C7AAE200A67900 /* SimpleAnswerView.swift */; };
		946B44F325BE4CD400E57066 /* HVACWORKSApp.swift in Sources */ = {isa = PBXBuildFile; fileRef = 946B44F225BE4CD400E57066 /* HVACWORKSApp.swift */; };
		946B44F525BE4CD400E57066 /* AirFormulaMainView.swift in Sources */ = {isa = PBXBuildFile; fileRef = 946B44F425BE4CD400E57066 /* AirFormulaMainView.swift */; };
		946B44F725BE4CD500E57066 /* Assets.xcassets in Resources */ = {isa = PBXBuildFile; fileRef = 946B44F625BE4CD500E57066 /* Assets.xcassets */; };
		946B44FA25BE4CD500E57066 /* Preview Assets.xcassets in Resources */ = {isa = PBXBuildFile; fileRef = 946B44F925BE4CD500E57066 /* Preview Assets.xcassets */; };
		946B450325BE4EA300E57066 /* Helpers.swift in Sources */ = {isa = PBXBuildFile; fileRef = 946B450225BE4EA300E57066 /* Helpers.swift */; };
		9485DAE925E5D1E900884208 /* FanLawViewModel.swift in Sources */ = {isa = PBXBuildFile; fileRef = 9485DAE825E5D1E900884208 /* FanLawViewModel.swift */; };
		9485DAF425E5D4E300884208 /* HVACWORKSTests.swift in Sources */ = {isa = PBXBuildFile; fileRef = 9485DAF325E5D4E300884208 /* HVACWORKSTests.swift */; };
		9485DAFE25E5D80800884208 /* Practice.swift in Sources */ = {isa = PBXBuildFile; fileRef = 9485DAFD25E5D6AF00884208 /* Practice.swift */; };
		9485DB0025E6A61600884208 /* View + TextFieldModifier.swift in Sources */ = {isa = PBXBuildFile; fileRef = 9485DAFF25E6A61600884208 /* View + TextFieldModifier.swift */; };
		9485DB0225E6BADC00884208 /* VariableEntryView.swift in Sources */ = {isa = PBXBuildFile; fileRef = 9485DB0125E6BADC00884208 /* VariableEntryView.swift */; };
		9485DB2325E740CC00884208 /* AppReviewManager.swift in Sources */ = {isa = PBXBuildFile; fileRef = 9485DB2225E740CC00884208 /* AppReviewManager.swift */; };
		9485DB4225E826A400884208 /* Chapters.swift in Sources */ = {isa = PBXBuildFile; fileRef = 9485DB4125E826A400884208 /* Chapters.swift */; };
		9485DB4425E82A2900884208 /* HomeView.swift in Sources */ = {isa = PBXBuildFile; fileRef = 9485DB4325E82A2900884208 /* HomeView.swift */; };
		94B339CD25C203470080DB8F /* MixedAirResultView.swift in Sources */ = {isa = PBXBuildFile; fileRef = 94B339CC25C203470080DB8F /* MixedAirResultView.swift */; };
		94DD038C25E0511100046018 /* MixedAirFormulaView.swift in Sources */ = {isa = PBXBuildFile; fileRef = 94DD038B25E0511100046018 /* MixedAirFormulaView.swift */; };
		94DD038E25E0512F00046018 /* TotalHeatFormulaView.swift in Sources */ = {isa = PBXBuildFile; fileRef = 94DD038D25E0512F00046018 /* TotalHeatFormulaView.swift */; };
		94DD039025E0517C00046018 /* SensibleHeatFormulaView.swift in Sources */ = {isa = PBXBuildFile; fileRef = 94DD038F25E0517C00046018 /* SensibleHeatFormulaView.swift */; };
		94DD039225E0519500046018 /* LatentHeatFormulaView.swift in Sources */ = {isa = PBXBuildFile; fileRef = 94DD039125E0519500046018 /* LatentHeatFormulaView.swift */; };
		94DD039B25E063C700046018 /* FanLawFormulaView.swift in Sources */ = {isa = PBXBuildFile; fileRef = 94DD039A25E063C700046018 /* FanLawFormulaView.swift */; };
		94DD039D25E09DA800046018 /* FanSelectionView.swift in Sources */ = {isa = PBXBuildFile; fileRef = 94DD039C25E09DA800046018 /* FanSelectionView.swift */; };
		94DD039F25E0A0F200046018 /* FanLaw1EntryView.swift in Sources */ = {isa = PBXBuildFile; fileRef = 94DD039E25E0A0F200046018 /* FanLaw1EntryView.swift */; };
		94E545D325EBDC930009F963 /* MultiEntryElectricView.swift in Sources */ = {isa = PBXBuildFile; fileRef = 94E545D225EBDC930009F963 /* MultiEntryElectricView.swift */; };
		94E545D525EBE3D30009F963 /* ElectricHeaderView.swift in Sources */ = {isa = PBXBuildFile; fileRef = 94E545D425EBE3D30009F963 /* ElectricHeaderView.swift */; };
		94E545D725EBEA060009F963 /* Text + Extensions.swift in Sources */ = {isa = PBXBuildFile; fileRef = 94E545D625EBEA060009F963 /* Text + Extensions.swift */; };
		94E545DA25EBFFEE0009F963 /* CommonElectricFormulaModel.swift in Sources */ = {isa = PBXBuildFile; fileRef = 94E545D925EBFFEE0009F963 /* CommonElectricFormulaModel.swift */; };
		94E545DD25EC30B30009F963 /* ViewModel.swift in Sources */ = {isa = PBXBuildFile; fileRef = 94E545DC25EC30B30009F963 /* ViewModel.swift */; };
		94F023DF25DF415200974B65 /* FanLawView.swift in Sources */ = {isa = PBXBuildFile; fileRef = 94F023DE25DF415200974B65 /* FanLawView.swift */; };
/* End PBXBuildFile section */

/* Begin PBXContainerItemProxy section */
		9485DAF625E5D4E300884208 /* PBXContainerItemProxy */ = {
			isa = PBXContainerItemProxy;
			containerPortal = 946B44E725BE4CD400E57066 /* Project object */;
			proxyType = 1;
			remoteGlobalIDString = 946B44EE25BE4CD400E57066;
			remoteInfo = HVACWORKS;
		};
/* End PBXContainerItemProxy section */

/* Begin PBXFileReference section */
		9405860D25C24A020033CEE7 /* AirFormulaRouterView.swift */ = {isa = PBXFileReference; lastKnownFileType = sourcecode.swift; path = AirFormulaRouterView.swift; sourceTree = "<group>"; };
		9405861025C24ACB0033CEE7 /* SensibleHeat.swift */ = {isa = PBXFileReference; lastKnownFileType = sourcecode.swift; path = SensibleHeat.swift; sourceTree = "<group>"; };
		9405861325C24AEF0033CEE7 /* TotalHeat.swift */ = {isa = PBXFileReference; lastKnownFileType = sourcecode.swift; path = TotalHeat.swift; sourceTree = "<group>"; };
		9405861625C24B110033CEE7 /* LatentHeat.swift */ = {isa = PBXFileReference; lastKnownFileType = sourcecode.swift; path = LatentHeat.swift; sourceTree = "<group>"; };
		9414769F25C0D894008502B0 /* MixedAirFormula.swift */ = {isa = PBXFileReference; lastKnownFileType = sourcecode.swift; path = MixedAirFormula.swift; sourceTree = "<group>"; };
		941476A225C0E289008502B0 /* MixedAirView.swift */ = {isa = PBXFileReference; lastKnownFileType = sourcecode.swift; path = MixedAirView.swift; sourceTree = "<group>"; };
		94175E4025EC4232008723A1 /* SelectedVariableView.swift */ = {isa = PBXFileReference; lastKnownFileType = sourcecode.swift; path = SelectedVariableView.swift; sourceTree = "<group>"; };
		94254B9125C81241001E7C8F /* SensibleHeatFormula.swift */ = {isa = PBXFileReference; lastKnownFileType = sourcecode.swift; path = SensibleHeatFormula.swift; sourceTree = "<group>"; };
		94254B9425C81600001E7C8F /* LatentHeatFormula.swift */ = {isa = PBXFileReference; lastKnownFileType = sourcecode.swift; path = LatentHeatFormula.swift; sourceTree = "<group>"; };
		9446956525ED1498001EF725 /* VariableEntryRowView.swift */ = {isa = PBXFileReference; lastKnownFileType = sourcecode.swift; path = VariableEntryRowView.swift; sourceTree = "<group>"; };
		944856D725C663A600B4CA93 /* FormulaHeaderView.swift */ = {isa = PBXFileReference; lastKnownFileType = sourcecode.swift; path = FormulaHeaderView.swift; sourceTree = "<group>"; };
		9452964E25C6E7DE00CD6CFD /* NumberEntryView.swift */ = {isa = PBXFileReference; lastKnownFileType = sourcecode.swift; path = NumberEntryView.swift; sourceTree = "<group>"; };
		946A851425C7A47600A67900 /* TotalHeatFormula.swift */ = {isa = PBXFileReference; lastKnownFileType = sourcecode.swift; path = TotalHeatFormula.swift; sourceTree = "<group>"; };
		946A851725C7AAE200A67900 /* SimpleAnswerView.swift */ = {isa = PBXFileReference; lastKnownFileType = sourcecode.swift; path = SimpleAnswerView.swift; sourceTree = "<group>"; };
		946B44EF25BE4CD400E57066 /* HVACWORKS.app */ = {isa = PBXFileReference; explicitFileType = wrapper.application; includeInIndex = 0; path = HVACWORKS.app; sourceTree = BUILT_PRODUCTS_DIR; };
		946B44F225BE4CD400E57066 /* HVACWORKSApp.swift */ = {isa = PBXFileReference; lastKnownFileType = sourcecode.swift; path = HVACWORKSApp.swift; sourceTree = "<group>"; };
		946B44F425BE4CD400E57066 /* AirFormulaMainView.swift */ = {isa = PBXFileReference; lastKnownFileType = sourcecode.swift; path = AirFormulaMainView.swift; sourceTree = "<group>"; };
		946B44F625BE4CD500E57066 /* Assets.xcassets */ = {isa = PBXFileReference; lastKnownFileType = folder.assetcatalog; path = Assets.xcassets; sourceTree = "<group>"; };
		946B44F925BE4CD500E57066 /* Preview Assets.xcassets */ = {isa = PBXFileReference; lastKnownFileType = folder.assetcatalog; path = "Preview Assets.xcassets"; sourceTree = "<group>"; };
		946B44FB25BE4CD500E57066 /* Info.plist */ = {isa = PBXFileReference; lastKnownFileType = text.plist.xml; path = Info.plist; sourceTree = "<group>"; };
		946B450225BE4EA300E57066 /* Helpers.swift */ = {isa = PBXFileReference; lastKnownFileType = sourcecode.swift; path = Helpers.swift; sourceTree = "<group>"; };
		9485DAE825E5D1E900884208 /* FanLawViewModel.swift */ = {isa = PBXFileReference; lastKnownFileType = sourcecode.swift; path = FanLawViewModel.swift; sourceTree = "<group>"; };
		9485DAF125E5D4E300884208 /* HVACWORKSTests.xctest */ = {isa = PBXFileReference; explicitFileType = wrapper.cfbundle; includeInIndex = 0; path = HVACWORKSTests.xctest; sourceTree = BUILT_PRODUCTS_DIR; };
		9485DAF325E5D4E300884208 /* HVACWORKSTests.swift */ = {isa = PBXFileReference; lastKnownFileType = sourcecode.swift; path = HVACWORKSTests.swift; sourceTree = "<group>"; };
		9485DAF525E5D4E300884208 /* Info.plist */ = {isa = PBXFileReference; lastKnownFileType = text.plist.xml; path = Info.plist; sourceTree = "<group>"; };
		9485DAFD25E5D6AF00884208 /* Practice.swift */ = {isa = PBXFileReference; lastKnownFileType = sourcecode.swift; path = Practice.swift; sourceTree = "<group>"; };
		9485DAFF25E6A61600884208 /* View + TextFieldModifier.swift */ = {isa = PBXFileReference; lastKnownFileType = sourcecode.swift; path = "View + TextFieldModifier.swift"; sourceTree = "<group>"; };
		9485DB0125E6BADC00884208 /* VariableEntryView.swift */ = {isa = PBXFileReference; lastKnownFileType = sourcecode.swift; path = VariableEntryView.swift; sourceTree = "<group>"; };
		9485DB2225E740CC00884208 /* AppReviewManager.swift */ = {isa = PBXFileReference; lastKnownFileType = sourcecode.swift; path = AppReviewManager.swift; sourceTree = "<group>"; };
		9485DB4125E826A400884208 /* Chapters.swift */ = {isa = PBXFileReference; lastKnownFileType = sourcecode.swift; path = Chapters.swift; sourceTree = "<group>"; };
		9485DB4325E82A2900884208 /* HomeView.swift */ = {isa = PBXFileReference; lastKnownFileType = sourcecode.swift; path = HomeView.swift; sourceTree = "<group>"; };
		94B339CC25C203470080DB8F /* MixedAirResultView.swift */ = {isa = PBXFileReference; lastKnownFileType = sourcecode.swift; path = MixedAirResultView.swift; sourceTree = "<group>"; };
		94DD038B25E0511100046018 /* MixedAirFormulaView.swift */ = {isa = PBXFileReference; lastKnownFileType = sourcecode.swift; path = MixedAirFormulaView.swift; sourceTree = "<group>"; };
		94DD038D25E0512F00046018 /* TotalHeatFormulaView.swift */ = {isa = PBXFileReference; lastKnownFileType = sourcecode.swift; path = TotalHeatFormulaView.swift; sourceTree = "<group>"; };
		94DD038F25E0517C00046018 /* SensibleHeatFormulaView.swift */ = {isa = PBXFileReference; lastKnownFileType = sourcecode.swift; path = SensibleHeatFormulaView.swift; sourceTree = "<group>"; };
		94DD039125E0519500046018 /* LatentHeatFormulaView.swift */ = {isa = PBXFileReference; lastKnownFileType = sourcecode.swift; path = LatentHeatFormulaView.swift; sourceTree = "<group>"; };
		94DD039A25E063C700046018 /* FanLawFormulaView.swift */ = {isa = PBXFileReference; lastKnownFileType = sourcecode.swift; path = FanLawFormulaView.swift; sourceTree = "<group>"; };
		94DD039C25E09DA800046018 /* FanSelectionView.swift */ = {isa = PBXFileReference; lastKnownFileType = sourcecode.swift; path = FanSelectionView.swift; sourceTree = "<group>"; };
		94DD039E25E0A0F200046018 /* FanLaw1EntryView.swift */ = {isa = PBXFileReference; lastKnownFileType = sourcecode.swift; path = FanLaw1EntryView.swift; sourceTree = "<group>"; };
		94E545D225EBDC930009F963 /* MultiEntryElectricView.swift */ = {isa = PBXFileReference; lastKnownFileType = sourcecode.swift; path = MultiEntryElectricView.swift; sourceTree = "<group>"; };
		94E545D425EBE3D30009F963 /* ElectricHeaderView.swift */ = {isa = PBXFileReference; lastKnownFileType = sourcecode.swift; path = ElectricHeaderView.swift; sourceTree = "<group>"; };
		94E545D625EBEA060009F963 /* Text + Extensions.swift */ = {isa = PBXFileReference; lastKnownFileType = sourcecode.swift; path = "Text + Extensions.swift"; sourceTree = "<group>"; };
		94E545D925EBFFEE0009F963 /* CommonElectricFormulaModel.swift */ = {isa = PBXFileReference; lastKnownFileType = sourcecode.swift; path = CommonElectricFormulaModel.swift; sourceTree = "<group>"; };
		94E545DC25EC30B30009F963 /* ViewModel.swift */ = {isa = PBXFileReference; lastKnownFileType = sourcecode.swift; path = ViewModel.swift; sourceTree = "<group>"; };
		94F023DE25DF415200974B65 /* FanLawView.swift */ = {isa = PBXFileReference; lastKnownFileType = sourcecode.swift; path = FanLawView.swift; sourceTree = "<group>"; };
/* End PBXFileReference section */

/* Begin PBXFrameworksBuildPhase section */
		946B44EC25BE4CD400E57066 /* Frameworks */ = {
			isa = PBXFrameworksBuildPhase;
			buildActionMask = 2147483647;
			files = (
			);
			runOnlyForDeploymentPostprocessing = 0;
		};
		9485DAEE25E5D4E300884208 /* Frameworks */ = {
			isa = PBXFrameworksBuildPhase;
			buildActionMask = 2147483647;
			files = (
			);
			runOnlyForDeploymentPostprocessing = 0;
		};
/* End PBXFrameworksBuildPhase section */

/* Begin PBXGroup section */
		9414769D25C0C364008502B0 /* Models */ = {
			isa = PBXGroup;
			children = (
				9414769F25C0D894008502B0 /* MixedAirFormula.swift */,
				946A851425C7A47600A67900 /* TotalHeatFormula.swift */,
				94254B9125C81241001E7C8F /* SensibleHeatFormula.swift */,
				94254B9425C81600001E7C8F /* LatentHeatFormula.swift */,
			);
			path = Models;
			sourceTree = "<group>";
		};
		9446956725ED5033001EF725 /* Screens */ = {
			isa = PBXGroup;
			children = (
				94E545D225EBDC930009F963 /* MultiEntryElectricView.swift */,
				9446956825ED5040001EF725 /* Subscreens */,
			);
			path = Screens;
			sourceTree = "<group>";
		};
		9446956825ED5040001EF725 /* Subscreens */ = {
			isa = PBXGroup;
			children = (
				9446956525ED1498001EF725 /* VariableEntryRowView.swift */,
				94175E4025EC4232008723A1 /* SelectedVariableView.swift */,
				94E545D425EBE3D30009F963 /* ElectricHeaderView.swift */,
			);
			path = Subscreens;
			sourceTree = "<group>";
		};
		944856D225C6622D00B4CA93 /* RouterViews */ = {
			isa = PBXGroup;
			children = (
				9485DB4325E82A2900884208 /* HomeView.swift */,
				9405860D25C24A020033CEE7 /* AirFormulaRouterView.swift */,
			);
			path = RouterViews;
			sourceTree = "<group>";
		};
		946B44E625BE4CD400E57066 = {
			isa = PBXGroup;
			children = (
				946B44F125BE4CD400E57066 /* HVACWORKS */,
				9485DAF225E5D4E300884208 /* HVACWORKSTests */,
				94DD039325E051BA00046018 /* Helpers */,
				946B44F025BE4CD400E57066 /* Products */,
			);
			sourceTree = "<group>";
		};
		946B44F025BE4CD400E57066 /* Products */ = {
			isa = PBXGroup;
			children = (
				946B44EF25BE4CD400E57066 /* HVACWORKS.app */,
				9485DAF125E5D4E300884208 /* HVACWORKSTests.xctest */,
			);
			name = Products;
			sourceTree = "<group>";
		};
		946B44F125BE4CD400E57066 /* HVACWORKS */ = {
			isa = PBXGroup;
			children = (
				946B44F225BE4CD400E57066 /* HVACWORKSApp.swift */,
				944856D225C6622D00B4CA93 /* RouterViews */,
				94DD038325E04EBF00046018 /* Air Formulas */,
				94DD038525E04ECC00046018 /* Fan Laws */,
				94E545D125EB1DEB0009F963 /* Electricity */,
				946B44F625BE4CD500E57066 /* Assets.xcassets */,
				946B44FB25BE4CD500E57066 /* Info.plist */,
				946B44F825BE4CD500E57066 /* Preview Content */,
			);
			path = HVACWORKS;
			sourceTree = "<group>";
		};
		946B44F825BE4CD500E57066 /* Preview Content */ = {
			isa = PBXGroup;
			children = (
				946B44F925BE4CD500E57066 /* Preview Assets.xcassets */,
			);
			path = "Preview Content";
			sourceTree = "<group>";
		};
		9485DAE725E5D1DA00884208 /* ViewModel */ = {
			isa = PBXGroup;
			children = (
				9485DAE825E5D1E900884208 /* FanLawViewModel.swift */,
			);
			path = ViewModel;
			sourceTree = "<group>";
		};
		9485DAF225E5D4E300884208 /* HVACWORKSTests */ = {
			isa = PBXGroup;
			children = (
				9485DAF325E5D4E300884208 /* HVACWORKSTests.swift */,
				9485DAFD25E5D6AF00884208 /* Practice.swift */,
				9485DAF525E5D4E300884208 /* Info.plist */,
			);
			path = HVACWORKSTests;
			sourceTree = "<group>";
		};
		94DD038325E04EBF00046018 /* Air Formulas */ = {
			isa = PBXGroup;
			children = (
				9414769D25C0C364008502B0 /* Models */,
				94DD038625E04EDB00046018 /* Screens */,
			);
			path = "Air Formulas";
			sourceTree = "<group>";
		};
		94DD038525E04ECC00046018 /* Fan Laws */ = {
			isa = PBXGroup;
			children = (
				9485DAE725E5D1DA00884208 /* ViewModel */,
				94DD039625E0636F00046018 /* Model */,
				94DD038925E04FE300046018 /* Screens */,
			);
			path = "Fan Laws";
			sourceTree = "<group>";
		};
		94DD038625E04EDB00046018 /* Screens */ = {
			isa = PBXGroup;
			children = (
				946B44F425BE4CD400E57066 /* AirFormulaMainView.swift */,
				94DD038825E04F4F00046018 /* Subscreens */,
				94DD038725E04EF000046018 /* SubViews */,
			);
			name = Screens;
			path = Screens/Screens;
			sourceTree = "<group>";
		};
		94DD038725E04EF000046018 /* SubViews */ = {
			isa = PBXGroup;
			children = (
				94B339CC25C203470080DB8F /* MixedAirResultView.swift */,
				946A851725C7AAE200A67900 /* SimpleAnswerView.swift */,
				9452964E25C6E7DE00CD6CFD /* NumberEntryView.swift */,
				944856D725C663A600B4CA93 /* FormulaHeaderView.swift */,
				94DD038A25E050D800046018 /* FormulaHeaderSubViews */,
			);
			path = SubViews;
			sourceTree = "<group>";
		};
		94DD038825E04F4F00046018 /* Subscreens */ = {
			isa = PBXGroup;
			children = (
				941476A225C0E289008502B0 /* MixedAirView.swift */,
				9405861625C24B110033CEE7 /* LatentHeat.swift */,
				9405861025C24ACB0033CEE7 /* SensibleHeat.swift */,
				9405861325C24AEF0033CEE7 /* TotalHeat.swift */,
			);
			path = Subscreens;
			sourceTree = "<group>";
		};
		94DD038925E04FE300046018 /* Screens */ = {
			isa = PBXGroup;
			children = (
				94F023DE25DF415200974B65 /* FanLawView.swift */,
				94DD039825E0639700046018 /* SubViews */,
			);
			path = Screens;
			sourceTree = "<group>";
		};
		94DD038A25E050D800046018 /* FormulaHeaderSubViews */ = {
			isa = PBXGroup;
			children = (
				94DD038B25E0511100046018 /* MixedAirFormulaView.swift */,
				94DD038D25E0512F00046018 /* TotalHeatFormulaView.swift */,
				94DD038F25E0517C00046018 /* SensibleHeatFormulaView.swift */,
				94DD039125E0519500046018 /* LatentHeatFormulaView.swift */,
			);
			path = FormulaHeaderSubViews;
			sourceTree = "<group>";
		};
		94DD039325E051BA00046018 /* Helpers */ = {
			isa = PBXGroup;
			children = (
				946B450225BE4EA300E57066 /* Helpers.swift */,
				9485DAFF25E6A61600884208 /* View + TextFieldModifier.swift */,
				9485DB2225E740CC00884208 /* AppReviewManager.swift */,
				9485DB4125E826A400884208 /* Chapters.swift */,
				94E545D625EBEA060009F963 /* Text + Extensions.swift */,
			);
			path = Helpers;
			sourceTree = "<group>";
		};
		94DD039625E0636F00046018 /* Model */ = {
			isa = PBXGroup;
			children = (
			);
			path = Model;
			sourceTree = "<group>";
		};
		94DD039825E0639700046018 /* SubViews */ = {
			isa = PBXGroup;
			children = (
				94DD039A25E063C700046018 /* FanLawFormulaView.swift */,
				94DD039C25E09DA800046018 /* FanSelectionView.swift */,
				94DD039E25E0A0F200046018 /* FanLaw1EntryView.swift */,
				9485DB0125E6BADC00884208 /* VariableEntryView.swift */,
			);
			path = SubViews;
			sourceTree = "<group>";
		};
		94E545D125EB1DEB0009F963 /* Electricity */ = {
			isa = PBXGroup;
			children = (
				9446956725ED5033001EF725 /* Screens */,
				94E545DB25EC30A00009F963 /* ViewModel */,
				94E545D825EBFFDA0009F963 /* Model */,
			);
			path = Electricity;
			sourceTree = "<group>";
		};
		94E545D825EBFFDA0009F963 /* Model */ = {
			isa = PBXGroup;
			children = (
				94E545D925EBFFEE0009F963 /* CommonElectricFormulaModel.swift */,
			);
			path = Model;
			sourceTree = "<group>";
		};
		94E545DB25EC30A00009F963 /* ViewModel */ = {
			isa = PBXGroup;
			children = (
				94E545DC25EC30B30009F963 /* ViewModel.swift */,
			);
			path = ViewModel;
			sourceTree = "<group>";
		};
/* End PBXGroup section */

/* Begin PBXNativeTarget section */
		946B44EE25BE4CD400E57066 /* HVACWORKS */ = {
			isa = PBXNativeTarget;
			buildConfigurationList = 946B44FE25BE4CD500E57066 /* Build configuration list for PBXNativeTarget "HVACWORKS" */;
			buildPhases = (
				946B44EB25BE4CD400E57066 /* Sources */,
				946B44EC25BE4CD400E57066 /* Frameworks */,
				946B44ED25BE4CD400E57066 /* Resources */,
			);
			buildRules = (
			);
			dependencies = (
			);
			name = HVACWORKS;
			productName = HVACWORKS;
			productReference = 946B44EF25BE4CD400E57066 /* HVACWORKS.app */;
			productType = "com.apple.product-type.application";
		};
		9485DAF025E5D4E300884208 /* HVACWORKSTests */ = {
			isa = PBXNativeTarget;
			buildConfigurationList = 9485DAF825E5D4E300884208 /* Build configuration list for PBXNativeTarget "HVACWORKSTests" */;
			buildPhases = (
				9485DAED25E5D4E300884208 /* Sources */,
				9485DAEE25E5D4E300884208 /* Frameworks */,
				9485DAEF25E5D4E300884208 /* Resources */,
			);
			buildRules = (
			);
			dependencies = (
				9485DAF725E5D4E300884208 /* PBXTargetDependency */,
			);
			name = HVACWORKSTests;
			productName = HVACWORKSTests;
			productReference = 9485DAF125E5D4E300884208 /* HVACWORKSTests.xctest */;
			productType = "com.apple.product-type.bundle.unit-test";
		};
/* End PBXNativeTarget section */

/* Begin PBXProject section */
		946B44E725BE4CD400E57066 /* Project object */ = {
			isa = PBXProject;
			attributes = {
				LastSwiftUpdateCheck = 1250;
				LastUpgradeCheck = 1230;
				TargetAttributes = {
					946B44EE25BE4CD400E57066 = {
						CreatedOnToolsVersion = 12.3;
					};
					9485DAF025E5D4E300884208 = {
						CreatedOnToolsVersion = 12.5;
						TestTargetID = 946B44EE25BE4CD400E57066;
					};
				};
			};
			buildConfigurationList = 946B44EA25BE4CD400E57066 /* Build configuration list for PBXProject "HVACWORKS" */;
			compatibilityVersion = "Xcode 9.3";
			developmentRegion = en;
			hasScannedForEncodings = 0;
			knownRegions = (
				en,
				Base,
			);
			mainGroup = 946B44E625BE4CD400E57066;
			productRefGroup = 946B44F025BE4CD400E57066 /* Products */;
			projectDirPath = "";
			projectRoot = "";
			targets = (
				946B44EE25BE4CD400E57066 /* HVACWORKS */,
				9485DAF025E5D4E300884208 /* HVACWORKSTests */,
			);
		};
/* End PBXProject section */

/* Begin PBXResourcesBuildPhase section */
		946B44ED25BE4CD400E57066 /* Resources */ = {
			isa = PBXResourcesBuildPhase;
			buildActionMask = 2147483647;
			files = (
				946B44FA25BE4CD500E57066 /* Preview Assets.xcassets in Resources */,
				946B44F725BE4CD500E57066 /* Assets.xcassets in Resources */,
			);
			runOnlyForDeploymentPostprocessing = 0;
		};
		9485DAEF25E5D4E300884208 /* Resources */ = {
			isa = PBXResourcesBuildPhase;
			buildActionMask = 2147483647;
			files = (
			);
			runOnlyForDeploymentPostprocessing = 0;
		};
/* End PBXResourcesBuildPhase section */

/* Begin PBXSourcesBuildPhase section */
		946B44EB25BE4CD400E57066 /* Sources */ = {
			isa = PBXSourcesBuildPhase;
			buildActionMask = 2147483647;
			files = (
				9485DAFE25E5D80800884208 /* Practice.swift in Sources */,
				94F023DF25DF415200974B65 /* FanLawView.swift in Sources */,
				94254B9525C81600001E7C8F /* LatentHeatFormula.swift in Sources */,
				94E545D525EBE3D30009F963 /* ElectricHeaderView.swift in Sources */,
				94254B9225C81241001E7C8F /* SensibleHeatFormula.swift in Sources */,
				94DD039225E0519500046018 /* LatentHeatFormulaView.swift in Sources */,
				9485DB0225E6BADC00884208 /* VariableEntryView.swift in Sources */,
				94DD039B25E063C700046018 /* FanLawFormulaView.swift in Sources */,
				941476A325C0E289008502B0 /* MixedAirView.swift in Sources */,
				94DD039025E0517C00046018 /* SensibleHeatFormulaView.swift in Sources */,
				94E545DD25EC30B30009F963 /* ViewModel.swift in Sources */,
				94E545D725EBEA060009F963 /* Text + Extensions.swift in Sources */,
				94DD038C25E0511100046018 /* MixedAirFormulaView.swift in Sources */,
				9452964F25C6E7DE00CD6CFD /* NumberEntryView.swift in Sources */,
				9485DAE925E5D1E900884208 /* FanLawViewModel.swift in Sources */,
				946B44F525BE4CD400E57066 /* AirFormulaMainView.swift in Sources */,
				941476A025C0D894008502B0 /* MixedAirFormula.swift in Sources */,
				94E545DA25EBFFEE0009F963 /* CommonElectricFormulaModel.swift in Sources */,
				9485DB2325E740CC00884208 /* AppReviewManager.swift in Sources */,
				9405861425C24AEF0033CEE7 /* TotalHeat.swift in Sources */,
				9485DB4425E82A2900884208 /* HomeView.swift in Sources */,
				946A851825C7AAE200A67900 /* SimpleAnswerView.swift in Sources */,
				94B339CD25C203470080DB8F /* MixedAirResultView.swift in Sources */,
				9405861125C24ACB0033CEE7 /* SensibleHeat.swift in Sources */,
				9405861725C24B110033CEE7 /* LatentHeat.swift in Sources */,
				94DD039F25E0A0F200046018 /* FanLaw1EntryView.swift in Sources */,
				94DD038E25E0512F00046018 /* TotalHeatFormulaView.swift in Sources */,
				94175E4125EC4232008723A1 /* SelectedVariableView.swift in Sources */,
				946B450325BE4EA300E57066 /* Helpers.swift in Sources */,
				946A851525C7A47600A67900 /* TotalHeatFormula.swift in Sources */,
				944856D825C663A600B4CA93 /* FormulaHeaderView.swift in Sources */,
				94E545D325EBDC930009F963 /* MultiEntryElectricView.swift in Sources */,
				9485DB4225E826A400884208 /* Chapters.swift in Sources */,
				946B44F325BE4CD400E57066 /* HVACWORKSApp.swift in Sources */,
				9446956625ED1498001EF725 /* VariableEntryRowView.swift in Sources */,
				94DD039D25E09DA800046018 /* FanSelectionView.swift in Sources */,
				9485DB0025E6A61600884208 /* View + TextFieldModifier.swift in Sources */,
				9405860E25C24A020033CEE7 /* AirFormulaRouterView.swift in Sources */,
			);
			runOnlyForDeploymentPostprocessing = 0;
		};
		9485DAED25E5D4E300884208 /* Sources */ = {
			isa = PBXSourcesBuildPhase;
			buildActionMask = 2147483647;
			files = (
				9485DAF425E5D4E300884208 /* HVACWORKSTests.swift in Sources */,
			);
			runOnlyForDeploymentPostprocessing = 0;
		};
/* End PBXSourcesBuildPhase section */

/* Begin PBXTargetDependency section */
		9485DAF725E5D4E300884208 /* PBXTargetDependency */ = {
			isa = PBXTargetDependency;
			target = 946B44EE25BE4CD400E57066 /* HVACWORKS */;
			targetProxy = 9485DAF625E5D4E300884208 /* PBXContainerItemProxy */;
		};
/* End PBXTargetDependency section */

/* Begin XCBuildConfiguration section */
		946B44FC25BE4CD500E57066 /* Debug */ = {
			isa = XCBuildConfiguration;
			buildSettings = {
				ALWAYS_SEARCH_USER_PATHS = NO;
				CLANG_ANALYZER_NONNULL = YES;
				CLANG_ANALYZER_NUMBER_OBJECT_CONVERSION = YES_AGGRESSIVE;
				CLANG_CXX_LANGUAGE_STANDARD = "gnu++14";
				CLANG_CXX_LIBRARY = "libc++";
				CLANG_ENABLE_MODULES = YES;
				CLANG_ENABLE_OBJC_ARC = YES;
				CLANG_ENABLE_OBJC_WEAK = YES;
				CLANG_WARN_BLOCK_CAPTURE_AUTORELEASING = YES;
				CLANG_WARN_BOOL_CONVERSION = YES;
				CLANG_WARN_COMMA = YES;
				CLANG_WARN_CONSTANT_CONVERSION = YES;
				CLANG_WARN_DEPRECATED_OBJC_IMPLEMENTATIONS = YES;
				CLANG_WARN_DIRECT_OBJC_ISA_USAGE = YES_ERROR;
				CLANG_WARN_DOCUMENTATION_COMMENTS = YES;
				CLANG_WARN_EMPTY_BODY = YES;
				CLANG_WARN_ENUM_CONVERSION = YES;
				CLANG_WARN_INFINITE_RECURSION = YES;
				CLANG_WARN_INT_CONVERSION = YES;
				CLANG_WARN_NON_LITERAL_NULL_CONVERSION = YES;
				CLANG_WARN_OBJC_IMPLICIT_RETAIN_SELF = YES;
				CLANG_WARN_OBJC_LITERAL_CONVERSION = YES;
				CLANG_WARN_OBJC_ROOT_CLASS = YES_ERROR;
				CLANG_WARN_QUOTED_INCLUDE_IN_FRAMEWORK_HEADER = YES;
				CLANG_WARN_RANGE_LOOP_ANALYSIS = YES;
				CLANG_WARN_STRICT_PROTOTYPES = YES;
				CLANG_WARN_SUSPICIOUS_MOVE = YES;
				CLANG_WARN_UNGUARDED_AVAILABILITY = YES_AGGRESSIVE;
				CLANG_WARN_UNREACHABLE_CODE = YES;
				CLANG_WARN__DUPLICATE_METHOD_MATCH = YES;
				COPY_PHASE_STRIP = NO;
				DEBUG_INFORMATION_FORMAT = dwarf;
				ENABLE_STRICT_OBJC_MSGSEND = YES;
				ENABLE_TESTABILITY = YES;
				GCC_C_LANGUAGE_STANDARD = gnu11;
				GCC_DYNAMIC_NO_PIC = NO;
				GCC_NO_COMMON_BLOCKS = YES;
				GCC_OPTIMIZATION_LEVEL = 0;
				GCC_PREPROCESSOR_DEFINITIONS = (
					"DEBUG=1",
					"$(inherited)",
				);
				GCC_WARN_64_TO_32_BIT_CONVERSION = YES;
				GCC_WARN_ABOUT_RETURN_TYPE = YES_ERROR;
				GCC_WARN_UNDECLARED_SELECTOR = YES;
				GCC_WARN_UNINITIALIZED_AUTOS = YES_AGGRESSIVE;
				GCC_WARN_UNUSED_FUNCTION = YES;
				GCC_WARN_UNUSED_VARIABLE = YES;
				IPHONEOS_DEPLOYMENT_TARGET = 14.3;
				MTL_ENABLE_DEBUG_INFO = INCLUDE_SOURCE;
				MTL_FAST_MATH = YES;
				ONLY_ACTIVE_ARCH = YES;
				SDKROOT = iphoneos;
				SWIFT_ACTIVE_COMPILATION_CONDITIONS = DEBUG;
				SWIFT_OPTIMIZATION_LEVEL = "-Onone";
			};
			name = Debug;
		};
		946B44FD25BE4CD500E57066 /* Release */ = {
			isa = XCBuildConfiguration;
			buildSettings = {
				ALWAYS_SEARCH_USER_PATHS = NO;
				CLANG_ANALYZER_NONNULL = YES;
				CLANG_ANALYZER_NUMBER_OBJECT_CONVERSION = YES_AGGRESSIVE;
				CLANG_CXX_LANGUAGE_STANDARD = "gnu++14";
				CLANG_CXX_LIBRARY = "libc++";
				CLANG_ENABLE_MODULES = YES;
				CLANG_ENABLE_OBJC_ARC = YES;
				CLANG_ENABLE_OBJC_WEAK = YES;
				CLANG_WARN_BLOCK_CAPTURE_AUTORELEASING = YES;
				CLANG_WARN_BOOL_CONVERSION = YES;
				CLANG_WARN_COMMA = YES;
				CLANG_WARN_CONSTANT_CONVERSION = YES;
				CLANG_WARN_DEPRECATED_OBJC_IMPLEMENTATIONS = YES;
				CLANG_WARN_DIRECT_OBJC_ISA_USAGE = YES_ERROR;
				CLANG_WARN_DOCUMENTATION_COMMENTS = YES;
				CLANG_WARN_EMPTY_BODY = YES;
				CLANG_WARN_ENUM_CONVERSION = YES;
				CLANG_WARN_INFINITE_RECURSION = YES;
				CLANG_WARN_INT_CONVERSION = YES;
				CLANG_WARN_NON_LITERAL_NULL_CONVERSION = YES;
				CLANG_WARN_OBJC_IMPLICIT_RETAIN_SELF = YES;
				CLANG_WARN_OBJC_LITERAL_CONVERSION = YES;
				CLANG_WARN_OBJC_ROOT_CLASS = YES_ERROR;
				CLANG_WARN_QUOTED_INCLUDE_IN_FRAMEWORK_HEADER = YES;
				CLANG_WARN_RANGE_LOOP_ANALYSIS = YES;
				CLANG_WARN_STRICT_PROTOTYPES = YES;
				CLANG_WARN_SUSPICIOUS_MOVE = YES;
				CLANG_WARN_UNGUARDED_AVAILABILITY = YES_AGGRESSIVE;
				CLANG_WARN_UNREACHABLE_CODE = YES;
				CLANG_WARN__DUPLICATE_METHOD_MATCH = YES;
				COPY_PHASE_STRIP = NO;
				DEBUG_INFORMATION_FORMAT = "dwarf-with-dsym";
				ENABLE_NS_ASSERTIONS = NO;
				ENABLE_STRICT_OBJC_MSGSEND = YES;
				GCC_C_LANGUAGE_STANDARD = gnu11;
				GCC_NO_COMMON_BLOCKS = YES;
				GCC_WARN_64_TO_32_BIT_CONVERSION = YES;
				GCC_WARN_ABOUT_RETURN_TYPE = YES_ERROR;
				GCC_WARN_UNDECLARED_SELECTOR = YES;
				GCC_WARN_UNINITIALIZED_AUTOS = YES_AGGRESSIVE;
				GCC_WARN_UNUSED_FUNCTION = YES;
				GCC_WARN_UNUSED_VARIABLE = YES;
				IPHONEOS_DEPLOYMENT_TARGET = 14.3;
				MTL_ENABLE_DEBUG_INFO = NO;
				MTL_FAST_MATH = YES;
				SDKROOT = iphoneos;
				SWIFT_COMPILATION_MODE = wholemodule;
				SWIFT_OPTIMIZATION_LEVEL = "-O";
				VALIDATE_PRODUCT = YES;
			};
			name = Release;
		};
		946B44FF25BE4CD500E57066 /* Debug */ = {
			isa = XCBuildConfiguration;
			buildSettings = {
				ASSETCATALOG_COMPILER_APPICON_NAME = AppIcon;
				ASSETCATALOG_COMPILER_GLOBAL_ACCENT_COLOR_NAME = AccentColor;
				CODE_SIGN_STYLE = Automatic;
				DEVELOPMENT_ASSET_PATHS = "\"HVACWORKS/Preview Content\"";
				DEVELOPMENT_TEAM = 77ZMZ9S3J5;
				ENABLE_PREVIEWS = YES;
				INFOPLIST_FILE = HVACWORKS/Info.plist;
				IPHONEOS_DEPLOYMENT_TARGET = 14.0;
				LD_RUNPATH_SEARCH_PATHS = (
					"$(inherited)",
					"@executable_path/Frameworks",
				);
				MARKETING_VERSION = 1.36.1;
				PRODUCT_BUNDLE_IDENTIFIER = com.UDT.HVACWORKS;
				PRODUCT_NAME = "$(TARGET_NAME)";
				SWIFT_VERSION = 5.0;
				TARGETED_DEVICE_FAMILY = 1;
			};
			name = Debug;
		};
		946B450025BE4CD500E57066 /* Release */ = {
			isa = XCBuildConfiguration;
			buildSettings = {
				ASSETCATALOG_COMPILER_APPICON_NAME = AppIcon;
				ASSETCATALOG_COMPILER_GLOBAL_ACCENT_COLOR_NAME = AccentColor;
				CODE_SIGN_STYLE = Automatic;
				DEVELOPMENT_ASSET_PATHS = "\"HVACWORKS/Preview Content\"";
				DEVELOPMENT_TEAM = 77ZMZ9S3J5;
				ENABLE_PREVIEWS = YES;
				INFOPLIST_FILE = HVACWORKS/Info.plist;
				IPHONEOS_DEPLOYMENT_TARGET = 14.0;
				LD_RUNPATH_SEARCH_PATHS = (
					"$(inherited)",
					"@executable_path/Frameworks",
				);
				MARKETING_VERSION = 1.36.1;
				PRODUCT_BUNDLE_IDENTIFIER = com.UDT.HVACWORKS;
				PRODUCT_NAME = "$(TARGET_NAME)";
				SWIFT_VERSION = 5.0;
				TARGETED_DEVICE_FAMILY = 1;
			};
			name = Release;
		};
		9485DAF925E5D4E300884208 /* Debug */ = {
			isa = XCBuildConfiguration;
			buildSettings = {
				BUNDLE_LOADER = "$(TEST_HOST)";
				CODE_SIGN_STYLE = Automatic;
				DEVELOPMENT_TEAM = 77ZMZ9S3J5;
				INFOPLIST_FILE = HVACWORKSTests/Info.plist;
				IPHONEOS_DEPLOYMENT_TARGET = 14.5;
				LD_RUNPATH_SEARCH_PATHS = (
					"$(inherited)",
					"@executable_path/Frameworks",
					"@loader_path/Frameworks",
				);
				PRODUCT_BUNDLE_IDENTIFIER = com.UDT.HVACWORKSTests;
				PRODUCT_NAME = "$(TARGET_NAME)";
				SWIFT_VERSION = 5.0;
				TARGETED_DEVICE_FAMILY = "1,2";
				TEST_HOST = "$(BUILT_PRODUCTS_DIR)/HVACWORKS.app/HVACWORKS";
			};
			name = Debug;
		};
		9485DAFA25E5D4E300884208 /* Release */ = {
			isa = XCBuildConfiguration;
			buildSettings = {
				BUNDLE_LOADER = "$(TEST_HOST)";
				CODE_SIGN_STYLE = Automatic;
				DEVELOPMENT_TEAM = 77ZMZ9S3J5;
				INFOPLIST_FILE = HVACWORKSTests/Info.plist;
				IPHONEOS_DEPLOYMENT_TARGET = 14.5;
				LD_RUNPATH_SEARCH_PATHS = (
					"$(inherited)",
					"@executable_path/Frameworks",
					"@loader_path/Frameworks",
				);
				PRODUCT_BUNDLE_IDENTIFIER = com.UDT.HVACWORKSTests;
				PRODUCT_NAME = "$(TARGET_NAME)";
				SWIFT_VERSION = 5.0;
				TARGETED_DEVICE_FAMILY = "1,2";
				TEST_HOST = "$(BUILT_PRODUCTS_DIR)/HVACWORKS.app/HVACWORKS";
			};
			name = Release;
		};
/* End XCBuildConfiguration section */

/* Begin XCConfigurationList section */
		946B44EA25BE4CD400E57066 /* Build configuration list for PBXProject "HVACWORKS" */ = {
			isa = XCConfigurationList;
			buildConfigurations = (
				946B44FC25BE4CD500E57066 /* Debug */,
				946B44FD25BE4CD500E57066 /* Release */,
			);
			defaultConfigurationIsVisible = 0;
			defaultConfigurationName = Release;
		};
		946B44FE25BE4CD500E57066 /* Build configuration list for PBXNativeTarget "HVACWORKS" */ = {
			isa = XCConfigurationList;
			buildConfigurations = (
				946B44FF25BE4CD500E57066 /* Debug */,
				946B450025BE4CD500E57066 /* Release */,
			);
			defaultConfigurationIsVisible = 0;
			defaultConfigurationName = Release;
		};
		9485DAF825E5D4E300884208 /* Build configuration list for PBXNativeTarget "HVACWORKSTests" */ = {
			isa = XCConfigurationList;
			buildConfigurations = (
				9485DAF925E5D4E300884208 /* Debug */,
				9485DAFA25E5D4E300884208 /* Release */,
			);
			defaultConfigurationIsVisible = 0;
			defaultConfigurationName = Release;
		};
/* End XCConfigurationList section */
	};
	rootObject = 946B44E725BE4CD400E57066 /* Project object */;
}
