// !$*UTF8*$!
{
	archiveVersion = 1;
	classes = {
	};
	objectVersion = 50;
	objects = {

/* Begin PBXBuildFile section */
		9405860E25C24A020033CEE7 /* RouterView.swift in Sources */ = {isa = PBXBuildFile; fileRef = 9405860D25C24A020033CEE7 /* RouterView.swift */; };
		9405861125C24ACB0033CEE7 /* SensibleHeat.swift in Sources */ = {isa = PBXBuildFile; fileRef = 9405861025C24ACB0033CEE7 /* SensibleHeat.swift */; };
		9405861425C24AEF0033CEE7 /* TotalHeat.swift in Sources */ = {isa = PBXBuildFile; fileRef = 9405861325C24AEF0033CEE7 /* TotalHeat.swift */; };
		9405861725C24B110033CEE7 /* LatentHeat.swift in Sources */ = {isa = PBXBuildFile; fileRef = 9405861625C24B110033CEE7 /* LatentHeat.swift */; };
		941476A025C0D894008502B0 /* MixedAirModel.swift in Sources */ = {isa = PBXBuildFile; fileRef = 9414769F25C0D894008502B0 /* MixedAirModel.swift */; };
		941476A325C0E289008502B0 /* MixedAirView.swift in Sources */ = {isa = PBXBuildFile; fileRef = 941476A225C0E289008502B0 /* MixedAirView.swift */; };
		944856D825C663A600B4CA93 /* FormulaHeaderView.swift in Sources */ = {isa = PBXBuildFile; fileRef = 944856D725C663A600B4CA93 /* FormulaHeaderView.swift */; };
		946B44F325BE4CD400E57066 /* HVACWORKSApp.swift in Sources */ = {isa = PBXBuildFile; fileRef = 946B44F225BE4CD400E57066 /* HVACWORKSApp.swift */; };
		946B44F525BE4CD400E57066 /* ContentView.swift in Sources */ = {isa = PBXBuildFile; fileRef = 946B44F425BE4CD400E57066 /* ContentView.swift */; };
		946B44F725BE4CD500E57066 /* Assets.xcassets in Resources */ = {isa = PBXBuildFile; fileRef = 946B44F625BE4CD500E57066 /* Assets.xcassets */; };
		946B44FA25BE4CD500E57066 /* Preview Assets.xcassets in Resources */ = {isa = PBXBuildFile; fileRef = 946B44F925BE4CD500E57066 /* Preview Assets.xcassets */; };
		946B450325BE4EA300E57066 /* Helpers.swift in Sources */ = {isa = PBXBuildFile; fileRef = 946B450225BE4EA300E57066 /* Helpers.swift */; };
		94B339CD25C203470080DB8F /* MixedAirResultView.swift in Sources */ = {isa = PBXBuildFile; fileRef = 94B339CC25C203470080DB8F /* MixedAirResultView.swift */; };
		94D35A8525BE57DD00209727 /* FormulaModel.swift in Sources */ = {isa = PBXBuildFile; fileRef = 94D35A8425BE57DD00209727 /* FormulaModel.swift */; };
		94D35A8825BE582000209727 /* FormulaDetailHeader.swift in Sources */ = {isa = PBXBuildFile; fileRef = 94D35A8725BE582000209727 /* FormulaDetailHeader.swift */; };
/* End PBXBuildFile section */

/* Begin PBXFileReference section */
		9405860D25C24A020033CEE7 /* RouterView.swift */ = {isa = PBXFileReference; lastKnownFileType = sourcecode.swift; path = RouterView.swift; sourceTree = "<group>"; };
		9405861025C24ACB0033CEE7 /* SensibleHeat.swift */ = {isa = PBXFileReference; lastKnownFileType = sourcecode.swift; path = SensibleHeat.swift; sourceTree = "<group>"; };
		9405861325C24AEF0033CEE7 /* TotalHeat.swift */ = {isa = PBXFileReference; lastKnownFileType = sourcecode.swift; path = TotalHeat.swift; sourceTree = "<group>"; };
		9405861625C24B110033CEE7 /* LatentHeat.swift */ = {isa = PBXFileReference; lastKnownFileType = sourcecode.swift; path = LatentHeat.swift; sourceTree = "<group>"; };
		9414769F25C0D894008502B0 /* MixedAirModel.swift */ = {isa = PBXFileReference; lastKnownFileType = sourcecode.swift; path = MixedAirModel.swift; sourceTree = "<group>"; };
		941476A225C0E289008502B0 /* MixedAirView.swift */ = {isa = PBXFileReference; lastKnownFileType = sourcecode.swift; path = MixedAirView.swift; sourceTree = "<group>"; };
		944856D725C663A600B4CA93 /* FormulaHeaderView.swift */ = {isa = PBXFileReference; lastKnownFileType = sourcecode.swift; path = FormulaHeaderView.swift; sourceTree = "<group>"; };
		946B44EF25BE4CD400E57066 /* HVACWORKS.app */ = {isa = PBXFileReference; explicitFileType = wrapper.application; includeInIndex = 0; path = HVACWORKS.app; sourceTree = BUILT_PRODUCTS_DIR; };
		946B44F225BE4CD400E57066 /* HVACWORKSApp.swift */ = {isa = PBXFileReference; lastKnownFileType = sourcecode.swift; path = HVACWORKSApp.swift; sourceTree = "<group>"; };
		946B44F425BE4CD400E57066 /* ContentView.swift */ = {isa = PBXFileReference; lastKnownFileType = sourcecode.swift; path = ContentView.swift; sourceTree = "<group>"; };
		946B44F625BE4CD500E57066 /* Assets.xcassets */ = {isa = PBXFileReference; lastKnownFileType = folder.assetcatalog; path = Assets.xcassets; sourceTree = "<group>"; };
		946B44F925BE4CD500E57066 /* Preview Assets.xcassets */ = {isa = PBXFileReference; lastKnownFileType = folder.assetcatalog; path = "Preview Assets.xcassets"; sourceTree = "<group>"; };
		946B44FB25BE4CD500E57066 /* Info.plist */ = {isa = PBXFileReference; lastKnownFileType = text.plist.xml; path = Info.plist; sourceTree = "<group>"; };
		946B450225BE4EA300E57066 /* Helpers.swift */ = {isa = PBXFileReference; lastKnownFileType = sourcecode.swift; path = Helpers.swift; sourceTree = "<group>"; };
		94B339CC25C203470080DB8F /* MixedAirResultView.swift */ = {isa = PBXFileReference; lastKnownFileType = sourcecode.swift; path = MixedAirResultView.swift; sourceTree = "<group>"; };
		94D35A8425BE57DD00209727 /* FormulaModel.swift */ = {isa = PBXFileReference; lastKnownFileType = sourcecode.swift; path = FormulaModel.swift; sourceTree = "<group>"; };
		94D35A8725BE582000209727 /* FormulaDetailHeader.swift */ = {isa = PBXFileReference; lastKnownFileType = sourcecode.swift; path = FormulaDetailHeader.swift; sourceTree = "<group>"; };
/* End PBXFileReference section */

/* Begin PBXFrameworksBuildPhase section */
		946B44EC25BE4CD400E57066 /* Frameworks */ = {
			isa = PBXFrameworksBuildPhase;
			buildActionMask = 2147483647;
			files = (
			);
			runOnlyForDeploymentPostprocessing = 0;
		};
/* End PBXFrameworksBuildPhase section */

/* Begin PBXGroup section */
		9414769C25C0C35F008502B0 /* Views */ = {
			isa = PBXGroup;
			children = (
				941476A225C0E289008502B0 /* MixedAirView.swift */,
				9405861625C24B110033CEE7 /* LatentHeat.swift */,
				9405861025C24ACB0033CEE7 /* SensibleHeat.swift */,
				9405861325C24AEF0033CEE7 /* TotalHeat.swift */,
				944856D425C6628F00B4CA93 /* Subviews */,
			);
			path = Views;
			sourceTree = "<group>";
		};
		9414769D25C0C364008502B0 /* Models */ = {
			isa = PBXGroup;
			children = (
				9414769F25C0D894008502B0 /* MixedAirModel.swift */,
				946B450225BE4EA300E57066 /* Helpers.swift */,
			);
			path = Models;
			sourceTree = "<group>";
		};
		944856D225C6622D00B4CA93 /* RouterViews */ = {
			isa = PBXGroup;
			children = (
				946B44F425BE4CD400E57066 /* ContentView.swift */,
				9405860D25C24A020033CEE7 /* RouterView.swift */,
			);
			path = RouterViews;
			sourceTree = "<group>";
		};
		944856D325C6624F00B4CA93 /* Main */ = {
			isa = PBXGroup;
			children = (
				946B44F225BE4CD400E57066 /* HVACWORKSApp.swift */,
			);
			path = Main;
			sourceTree = "<group>";
		};
		944856D425C6628F00B4CA93 /* Subviews */ = {
			isa = PBXGroup;
			children = (
				944856D525C6631B00B4CA93 /* MixedAir */,
				944856D725C663A600B4CA93 /* FormulaHeaderView.swift */,
			);
			path = Subviews;
			sourceTree = "<group>";
		};
		944856D525C6631B00B4CA93 /* MixedAir */ = {
			isa = PBXGroup;
			children = (
				94B339CC25C203470080DB8F /* MixedAirResultView.swift */,
			);
			path = MixedAir;
			sourceTree = "<group>";
		};
		946B44E625BE4CD400E57066 = {
			isa = PBXGroup;
			children = (
				946B44F125BE4CD400E57066 /* HVACWORKS */,
				946B44F025BE4CD400E57066 /* Products */,
			);
			sourceTree = "<group>";
		};
		946B44F025BE4CD400E57066 /* Products */ = {
			isa = PBXGroup;
			children = (
				946B44EF25BE4CD400E57066 /* HVACWORKS.app */,
			);
			name = Products;
			sourceTree = "<group>";
		};
		946B44F125BE4CD400E57066 /* HVACWORKS */ = {
			isa = PBXGroup;
			children = (
				944856D325C6624F00B4CA93 /* Main */,
				944856D225C6622D00B4CA93 /* RouterViews */,
				94AA83A825BE661F00E85A76 /* Formulas */,
				94D35A8725BE582000209727 /* FormulaDetailHeader.swift */,
				94D35A8425BE57DD00209727 /* FormulaModel.swift */,
				946B44F625BE4CD500E57066 /* Assets.xcassets */,
				946B44FB25BE4CD500E57066 /* Info.plist */,
				946B44F825BE4CD500E57066 /* Preview Content */,
			);
			path = HVACWORKS;
			sourceTree = "<group>";
		};
		946B44F825BE4CD500E57066 /* Preview Content */ = {
			isa = PBXGroup;
			children = (
				946B44F925BE4CD500E57066 /* Preview Assets.xcassets */,
			);
			path = "Preview Content";
			sourceTree = "<group>";
		};
		94AA83A825BE661F00E85A76 /* Formulas */ = {
			isa = PBXGroup;
			children = (
				9414769D25C0C364008502B0 /* Models */,
				9414769C25C0C35F008502B0 /* Views */,
			);
			path = Formulas;
			sourceTree = "<group>";
		};
/* End PBXGroup section */

/* Begin PBXNativeTarget section */
		946B44EE25BE4CD400E57066 /* HVACWORKS */ = {
			isa = PBXNativeTarget;
			buildConfigurationList = 946B44FE25BE4CD500E57066 /* Build configuration list for PBXNativeTarget "HVACWORKS" */;
			buildPhases = (
				946B44EB25BE4CD400E57066 /* Sources */,
				946B44EC25BE4CD400E57066 /* Frameworks */,
				946B44ED25BE4CD400E57066 /* Resources */,
			);
			buildRules = (
			);
			dependencies = (
			);
			name = HVACWORKS;
			productName = HVACWORKS;
			productReference = 946B44EF25BE4CD400E57066 /* HVACWORKS.app */;
			productType = "com.apple.product-type.application";
		};
/* End PBXNativeTarget section */

/* Begin PBXProject section */
		946B44E725BE4CD400E57066 /* Project object */ = {
			isa = PBXProject;
			attributes = {
				LastSwiftUpdateCheck = 1230;
				LastUpgradeCheck = 1230;
				TargetAttributes = {
					946B44EE25BE4CD400E57066 = {
						CreatedOnToolsVersion = 12.3;
					};
				};
			};
			buildConfigurationList = 946B44EA25BE4CD400E57066 /* Build configuration list for PBXProject "HVACWORKS" */;
			compatibilityVersion = "Xcode 9.3";
			developmentRegion = en;
			hasScannedForEncodings = 0;
			knownRegions = (
				en,
				Base,
			);
			mainGroup = 946B44E625BE4CD400E57066;
			productRefGroup = 946B44F025BE4CD400E57066 /* Products */;
			projectDirPath = "";
			projectRoot = "";
			targets = (
				946B44EE25BE4CD400E57066 /* HVACWORKS */,
			);
		};
/* End PBXProject section */

/* Begin PBXResourcesBuildPhase section */
		946B44ED25BE4CD400E57066 /* Resources */ = {
			isa = PBXResourcesBuildPhase;
			buildActionMask = 2147483647;
			files = (
				946B44FA25BE4CD500E57066 /* Preview Assets.xcassets in Resources */,
				946B44F725BE4CD500E57066 /* Assets.xcassets in Resources */,
			);
			runOnlyForDeploymentPostprocessing = 0;
		};
/* End PBXResourcesBuildPhase section */

/* Begin PBXSourcesBuildPhase section */
		946B44EB25BE4CD400E57066 /* Sources */ = {
			isa = PBXSourcesBuildPhase;
			buildActionMask = 2147483647;
			files = (
				94D35A8525BE57DD00209727 /* FormulaModel.swift in Sources */,
				941476A325C0E289008502B0 /* MixedAirView.swift in Sources */,
				946B44F525BE4CD400E57066 /* ContentView.swift in Sources */,
				941476A025C0D894008502B0 /* MixedAirModel.swift in Sources */,
				9405861425C24AEF0033CEE7 /* TotalHeat.swift in Sources */,
				94B339CD25C203470080DB8F /* MixedAirResultView.swift in Sources */,
				9405861125C24ACB0033CEE7 /* SensibleHeat.swift in Sources */,
				9405861725C24B110033CEE7 /* LatentHeat.swift in Sources */,
				946B450325BE4EA300E57066 /* Helpers.swift in Sources */,
				94D35A8825BE582000209727 /* FormulaDetailHeader.swift in Sources */,
				944856D825C663A600B4CA93 /* FormulaHeaderView.swift in Sources */,
				946B44F325BE4CD400E57066 /* HVACWORKSApp.swift in Sources */,
				9405860E25C24A020033CEE7 /* RouterView.swift in Sources */,
			);
			runOnlyForDeploymentPostprocessing = 0;
		};
/* End PBXSourcesBuildPhase section */

/* Begin XCBuildConfiguration section */
		946B44FC25BE4CD500E57066 /* Debug */ = {
			isa = XCBuildConfiguration;
			buildSettings = {
				ALWAYS_SEARCH_USER_PATHS = NO;
				CLANG_ANALYZER_NONNULL = YES;
				CLANG_ANALYZER_NUMBER_OBJECT_CONVERSION = YES_AGGRESSIVE;
				CLANG_CXX_LANGUAGE_STANDARD = "gnu++14";
				CLANG_CXX_LIBRARY = "libc++";
				CLANG_ENABLE_MODULES = YES;
				CLANG_ENABLE_OBJC_ARC = YES;
				CLANG_ENABLE_OBJC_WEAK = YES;
				CLANG_WARN_BLOCK_CAPTURE_AUTORELEASING = YES;
				CLANG_WARN_BOOL_CONVERSION = YES;
				CLANG_WARN_COMMA = YES;
				CLANG_WARN_CONSTANT_CONVERSION = YES;
				CLANG_WARN_DEPRECATED_OBJC_IMPLEMENTATIONS = YES;
				CLANG_WARN_DIRECT_OBJC_ISA_USAGE = YES_ERROR;
				CLANG_WARN_DOCUMENTATION_COMMENTS = YES;
				CLANG_WARN_EMPTY_BODY = YES;
				CLANG_WARN_ENUM_CONVERSION = YES;
				CLANG_WARN_INFINITE_RECURSION = YES;
				CLANG_WARN_INT_CONVERSION = YES;
				CLANG_WARN_NON_LITERAL_NULL_CONVERSION = YES;
				CLANG_WARN_OBJC_IMPLICIT_RETAIN_SELF = YES;
				CLANG_WARN_OBJC_LITERAL_CONVERSION = YES;
				CLANG_WARN_OBJC_ROOT_CLASS = YES_ERROR;
				CLANG_WARN_QUOTED_INCLUDE_IN_FRAMEWORK_HEADER = YES;
				CLANG_WARN_RANGE_LOOP_ANALYSIS = YES;
				CLANG_WARN_STRICT_PROTOTYPES = YES;
				CLANG_WARN_SUSPICIOUS_MOVE = YES;
				CLANG_WARN_UNGUARDED_AVAILABILITY = YES_AGGRESSIVE;
				CLANG_WARN_UNREACHABLE_CODE = YES;
				CLANG_WARN__DUPLICATE_METHOD_MATCH = YES;
				COPY_PHASE_STRIP = NO;
				DEBUG_INFORMATION_FORMAT = dwarf;
				ENABLE_STRICT_OBJC_MSGSEND = YES;
				ENABLE_TESTABILITY = YES;
				GCC_C_LANGUAGE_STANDARD = gnu11;
				GCC_DYNAMIC_NO_PIC = NO;
				GCC_NO_COMMON_BLOCKS = YES;
				GCC_OPTIMIZATION_LEVEL = 0;
				GCC_PREPROCESSOR_DEFINITIONS = (
					"DEBUG=1",
					"$(inherited)",
				);
				GCC_WARN_64_TO_32_BIT_CONVERSION = YES;
				GCC_WARN_ABOUT_RETURN_TYPE = YES_ERROR;
				GCC_WARN_UNDECLARED_SELECTOR = YES;
				GCC_WARN_UNINITIALIZED_AUTOS = YES_AGGRESSIVE;
				GCC_WARN_UNUSED_FUNCTION = YES;
				GCC_WARN_UNUSED_VARIABLE = YES;
				IPHONEOS_DEPLOYMENT_TARGET = 14.3;
				MTL_ENABLE_DEBUG_INFO = INCLUDE_SOURCE;
				MTL_FAST_MATH = YES;
				ONLY_ACTIVE_ARCH = YES;
				SDKROOT = iphoneos;
				SWIFT_ACTIVE_COMPILATION_CONDITIONS = DEBUG;
				SWIFT_OPTIMIZATION_LEVEL = "-Onone";
			};
			name = Debug;
		};
		946B44FD25BE4CD500E57066 /* Release */ = {
			isa = XCBuildConfiguration;
			buildSettings = {
				ALWAYS_SEARCH_USER_PATHS = NO;
				CLANG_ANALYZER_NONNULL = YES;
				CLANG_ANALYZER_NUMBER_OBJECT_CONVERSION = YES_AGGRESSIVE;
				CLANG_CXX_LANGUAGE_STANDARD = "gnu++14";
				CLANG_CXX_LIBRARY = "libc++";
				CLANG_ENABLE_MODULES = YES;
				CLANG_ENABLE_OBJC_ARC = YES;
				CLANG_ENABLE_OBJC_WEAK = YES;
				CLANG_WARN_BLOCK_CAPTURE_AUTORELEASING = YES;
				CLANG_WARN_BOOL_CONVERSION = YES;
				CLANG_WARN_COMMA = YES;
				CLANG_WARN_CONSTANT_CONVERSION = YES;
				CLANG_WARN_DEPRECATED_OBJC_IMPLEMENTATIONS = YES;
				CLANG_WARN_DIRECT_OBJC_ISA_USAGE = YES_ERROR;
				CLANG_WARN_DOCUMENTATION_COMMENTS = YES;
				CLANG_WARN_EMPTY_BODY = YES;
				CLANG_WARN_ENUM_CONVERSION = YES;
				CLANG_WARN_INFINITE_RECURSION = YES;
				CLANG_WARN_INT_CONVERSION = YES;
				CLANG_WARN_NON_LITERAL_NULL_CONVERSION = YES;
				CLANG_WARN_OBJC_IMPLICIT_RETAIN_SELF = YES;
				CLANG_WARN_OBJC_LITERAL_CONVERSION = YES;
				CLANG_WARN_OBJC_ROOT_CLASS = YES_ERROR;
				CLANG_WARN_QUOTED_INCLUDE_IN_FRAMEWORK_HEADER = YES;
				CLANG_WARN_RANGE_LOOP_ANALYSIS = YES;
				CLANG_WARN_STRICT_PROTOTYPES = YES;
				CLANG_WARN_SUSPICIOUS_MOVE = YES;
				CLANG_WARN_UNGUARDED_AVAILABILITY = YES_AGGRESSIVE;
				CLANG_WARN_UNREACHABLE_CODE = YES;
				CLANG_WARN__DUPLICATE_METHOD_MATCH = YES;
				COPY_PHASE_STRIP = NO;
				DEBUG_INFORMATION_FORMAT = "dwarf-with-dsym";
				ENABLE_NS_ASSERTIONS = NO;
				ENABLE_STRICT_OBJC_MSGSEND = YES;
				GCC_C_LANGUAGE_STANDARD = gnu11;
				GCC_NO_COMMON_BLOCKS = YES;
				GCC_WARN_64_TO_32_BIT_CONVERSION = YES;
				GCC_WARN_ABOUT_RETURN_TYPE = YES_ERROR;
				GCC_WARN_UNDECLARED_SELECTOR = YES;
				GCC_WARN_UNINITIALIZED_AUTOS = YES_AGGRESSIVE;
				GCC_WARN_UNUSED_FUNCTION = YES;
				GCC_WARN_UNUSED_VARIABLE = YES;
				IPHONEOS_DEPLOYMENT_TARGET = 14.3;
				MTL_ENABLE_DEBUG_INFO = NO;
				MTL_FAST_MATH = YES;
				SDKROOT = iphoneos;
				SWIFT_COMPILATION_MODE = wholemodule;
				SWIFT_OPTIMIZATION_LEVEL = "-O";
				VALIDATE_PRODUCT = YES;
			};
			name = Release;
		};
		946B44FF25BE4CD500E57066 /* Debug */ = {
			isa = XCBuildConfiguration;
			buildSettings = {
				ASSETCATALOG_COMPILER_APPICON_NAME = AppIcon;
				ASSETCATALOG_COMPILER_GLOBAL_ACCENT_COLOR_NAME = AccentColor;
				CODE_SIGN_STYLE = Automatic;
				DEVELOPMENT_ASSET_PATHS = "\"HVACWORKS/Preview Content\"";
				DEVELOPMENT_TEAM = 77ZMZ9S3J5;
				ENABLE_PREVIEWS = YES;
				INFOPLIST_FILE = HVACWORKS/Info.plist;
				IPHONEOS_DEPLOYMENT_TARGET = 14.0;
				LD_RUNPATH_SEARCH_PATHS = (
					"$(inherited)",
					"@executable_path/Frameworks",
				);
				MARKETING_VERSION = 1.1;
				PRODUCT_BUNDLE_IDENTIFIER = com.UDT.HVACWORKS;
				PRODUCT_NAME = "$(TARGET_NAME)";
				SWIFT_VERSION = 5.0;
				TARGETED_DEVICE_FAMILY = 1;
			};
			name = Debug;
		};
		946B450025BE4CD500E57066 /* Release */ = {
			isa = XCBuildConfiguration;
			buildSettings = {
				ASSETCATALOG_COMPILER_APPICON_NAME = AppIcon;
				ASSETCATALOG_COMPILER_GLOBAL_ACCENT_COLOR_NAME = AccentColor;
				CODE_SIGN_STYLE = Automatic;
				DEVELOPMENT_ASSET_PATHS = "\"HVACWORKS/Preview Content\"";
				DEVELOPMENT_TEAM = 77ZMZ9S3J5;
				ENABLE_PREVIEWS = YES;
				INFOPLIST_FILE = HVACWORKS/Info.plist;
				IPHONEOS_DEPLOYMENT_TARGET = 14.0;
				LD_RUNPATH_SEARCH_PATHS = (
					"$(inherited)",
					"@executable_path/Frameworks",
				);
				MARKETING_VERSION = 1.1;
				PRODUCT_BUNDLE_IDENTIFIER = com.UDT.HVACWORKS;
				PRODUCT_NAME = "$(TARGET_NAME)";
				SWIFT_VERSION = 5.0;
				TARGETED_DEVICE_FAMILY = 1;
			};
			name = Release;
		};
/* End XCBuildConfiguration section */

/* Begin XCConfigurationList section */
		946B44EA25BE4CD400E57066 /* Build configuration list for PBXProject "HVACWORKS" */ = {
			isa = XCConfigurationList;
			buildConfigurations = (
				946B44FC25BE4CD500E57066 /* Debug */,
				946B44FD25BE4CD500E57066 /* Release */,
			);
			defaultConfigurationIsVisible = 0;
			defaultConfigurationName = Release;
		};
		946B44FE25BE4CD500E57066 /* Build configuration list for PBXNativeTarget "HVACWORKS" */ = {
			isa = XCConfigurationList;
			buildConfigurations = (
				946B44FF25BE4CD500E57066 /* Debug */,
				946B450025BE4CD500E57066 /* Release */,
			);
			defaultConfigurationIsVisible = 0;
			defaultConfigurationName = Release;
		};
/* End XCConfigurationList section */
	};
	rootObject = 946B44E725BE4CD400E57066 /* Project object */;
}
